
Microsoft Visual Studio Solution File, Format Version 12.00
# Visual Studio 15
VisualStudioVersion = 15.0.28307.779
MinimumVisualStudioVersion = 10.0.40219.1
Project("{9A19103F-16F7-4668-BE54-9A1E7A4F7556}") = "Objective", "Objective\Objective.csproj", "{C0C38A81-CC99-4E60-B5E3-E3FAE6E12DFC}"
EndProject
Project("{E24C65DC-7377-472B-9ABA-BC803B73C61A}") = "Site", "Site\", "{10171A54-8257-493F-9EEE-79523FD145F2}"
	ProjectSection(WebsiteProperties) = preProject
		TargetFrameworkMoniker = ".NETFramework,Version%3Dv4.0"
		Debug.AspNetCompiler.VirtualPath = "/localhost_51031"
		Debug.AspNetCompiler.PhysicalPath = "Site\"
		Debug.AspNetCompiler.TargetPath = "PrecompiledWeb\localhost_51031\"
		Debug.AspNetCompiler.Updateable = "true"
		Debug.AspNetCompiler.ForceOverwrite = "true"
		Debug.AspNetCompiler.FixedNames = "false"
		Debug.AspNetCompiler.Debug = "True"
		Release.AspNetCompiler.VirtualPath = "/localhost_51031"
		Release.AspNetCompiler.PhysicalPath = "Site\"
		Release.AspNetCompiler.TargetPath = "PrecompiledWeb\localhost_51031\"
		Release.AspNetCompiler.Updateable = "true"
		Release.AspNetCompiler.ForceOverwrite = "true"
		Release.AspNetCompiler.FixedNames = "false"
		Release.AspNetCompiler.Debug = "False"
		VWDPort = "51031"
		SlnRelativePath = "Site\"
	EndProjectSection
EndProject
Global
	GlobalSection(SolutionConfigurationPlatforms) = preSolution
		Debug|Any CPU = Debug|Any CPU
		Release|Any CPU = Release|Any CPU
	EndGlobalSection
	GlobalSection(ProjectConfigurationPlatforms) = postSolution
		{C0C38A81-CC99-4E60-B5E3-E3FAE6E12DFC}.Debug|Any CPU.ActiveCfg = Debug|Any CPU
		{C0C38A81-CC99-4E60-B5E3-E3FAE6E12DFC}.Debug|Any CPU.Build.0 = Debug|Any CPU
		{C0C38A81-CC99-4E60-B5E3-E3FAE6E12DFC}.Release|Any CPU.ActiveCfg = Release|Any CPU
		{C0C38A81-CC99-4E60-B5E3-E3FAE6E12DFC}.Release|Any CPU.Build.0 = Release|Any CPU
		{10171A54-8257-493F-9EEE-79523FD145F2}.Debug|Any CPU.ActiveCfg = Debug|Any CPU
		{10171A54-8257-493F-9EEE-79523FD145F2}.Debug|Any CPU.Build.0 = Debug|Any CPU
		{10171A54-8257-493F-9EEE-79523FD145F2}.Release|Any CPU.ActiveCfg = Debug|Any CPU
		{10171A54-8257-493F-9EEE-79523FD145F2}.Release|Any CPU.Build.0 = Debug|Any CPU
	EndGlobalSection
	GlobalSection(SolutionProperties) = preSolution
		HideSolutionNode = FALSE
	EndGlobalSection
	GlobalSection(ExtensibilityGlobals) = postSolution
		SolutionGuid = {B627895A-0ED0-425D-95B9-1F3BFBF055F1}
	EndGlobalSection
EndGlobal
